
Microsoft Visual Studio Solution File, Format Version 12.00
# Visual Studio 14
VisualStudioVersion = 14.0.25420.1
MinimumVisualStudioVersion = 10.0.40219.1
Project("{D954291E-2A0B-460D-934E-DC6B0785DB48}") = "ComicBlizz", "ComicBlizz\ComicBlizz\ComicBlizz.shproj", "{50BA6FE1-41FE-4B69-BAB3-6743A0E8C181}"
EndProject
Project("{FAE04EC0-301F-11D3-BF4B-00C04F79EFBC}") = "ComicBlizz.Droid", "ComicBlizz\ComicBlizz.Droid\ComicBlizz.Droid.csproj", "{14132A84-5CA3-4C51-B4C7-588A3F1DE7B7}"
EndProject
Project("{FAE04EC0-301F-11D3-BF4B-00C04F79EFBC}") = "ComicBlizz.iOS", "ComicBlizz\ComicBlizz.iOS\ComicBlizz.iOS.csproj", "{ED647DD6-C209-4A27-9787-39D46EA70870}"
EndProject
Project("{FAE04EC0-301F-11D3-BF4B-00C04F79EFBC}") = "ComicBlizz.WinPhone", "ComicBlizz\ComicBlizz.WinPhone\ComicBlizz.WinPhone.csproj", "{19B34F4B-02A0-4834-A6DD-6AAC8615571A}"
EndProject
Project("{FAE04EC0-301F-11D3-BF4B-00C04F79EFBC}") = "ComicBlizz.UWP", "ComicBlizz\ComicBlizz.UWP\ComicBlizz.UWP.csproj", "{ADCA78EB-02B7-4151-8ECE-D4C81CB80E16}"
EndProject
Project("{FAE04EC0-301F-11D3-BF4B-00C04F79EFBC}") = "ComicBlizz.Windows", "ComicBlizz\ComicBlizz.Windows\ComicBlizz.Windows.csproj", "{CEE92BE0-A3F4-41DB-971C-627F2C9316E5}"
EndProject
Project("{FAE04EC0-301F-11D3-BF4B-00C04F79EFBC}") = "ComicBlizz.UnitTests", "ComicBlizz\ComicBlizz.UnitTests\ComicBlizz.UnitTests.csproj", "{C2370BEC-E19C-4AC4-BAFE-9224BA68E6C0}"
EndProject
Global
	GlobalSection(SharedMSBuildProjectFiles) = preSolution
		ComicBlizz\ComicBlizz\ComicBlizz.projitems*{14132a84-5ca3-4c51-b4c7-588a3f1de7b7}*SharedItemsImports = 4
		ComicBlizz\ComicBlizz\ComicBlizz.projitems*{19b34f4b-02a0-4834-a6dd-6aac8615571a}*SharedItemsImports = 4
		ComicBlizz\ComicBlizz\ComicBlizz.projitems*{50ba6fe1-41fe-4b69-bab3-6743a0e8c181}*SharedItemsImports = 13
		ComicBlizz\ComicBlizz\ComicBlizz.projitems*{adca78eb-02b7-4151-8ece-d4c81cb80e16}*SharedItemsImports = 4
		ComicBlizz\ComicBlizz\ComicBlizz.projitems*{c2370bec-e19c-4ac4-bafe-9224ba68e6c0}*SharedItemsImports = 4
		ComicBlizz\ComicBlizz\ComicBlizz.projitems*{cee92be0-a3f4-41db-971c-627f2c9316e5}*SharedItemsImports = 4
		ComicBlizz\ComicBlizz\ComicBlizz.projitems*{ed647dd6-c209-4a27-9787-39d46ea70870}*SharedItemsImports = 4
	EndGlobalSection
	GlobalSection(SolutionConfigurationPlatforms) = preSolution
		Ad-Hoc|Any CPU = Ad-Hoc|Any CPU
		Ad-Hoc|ARM = Ad-Hoc|ARM
		Ad-Hoc|iPhone = Ad-Hoc|iPhone
		Ad-Hoc|iPhoneSimulator = Ad-Hoc|iPhoneSimulator
		Ad-Hoc|x64 = Ad-Hoc|x64
		Ad-Hoc|x86 = Ad-Hoc|x86
		AppStore|Any CPU = AppStore|Any CPU
		AppStore|ARM = AppStore|ARM
		AppStore|iPhone = AppStore|iPhone
		AppStore|iPhoneSimulator = AppStore|iPhoneSimulator
		AppStore|x64 = AppStore|x64
		AppStore|x86 = AppStore|x86
		Debug|Any CPU = Debug|Any CPU
		Debug|ARM = Debug|ARM
		Debug|iPhone = Debug|iPhone
		Debug|iPhoneSimulator = Debug|iPhoneSimulator
		Debug|x64 = Debug|x64
		Debug|x86 = Debug|x86
		Release|Any CPU = Release|Any CPU
		Release|ARM = Release|ARM
		Release|iPhone = Release|iPhone
		Release|iPhoneSimulator = Release|iPhoneSimulator
		Release|x64 = Release|x64
		Release|x86 = Release|x86
	EndGlobalSection
	GlobalSection(ProjectConfigurationPlatforms) = postSolution
		{14132A84-5CA3-4C51-B4C7-588A3F1DE7B7}.Ad-Hoc|Any CPU.ActiveCfg = Release|Any CPU
		{14132A84-5CA3-4C51-B4C7-588A3F1DE7B7}.Ad-Hoc|Any CPU.Build.0 = Release|Any CPU
		{14132A84-5CA3-4C51-B4C7-588A3F1DE7B7}.Ad-Hoc|Any CPU.Deploy.0 = Release|Any CPU
		{14132A84-5CA3-4C51-B4C7-588A3F1DE7B7}.Ad-Hoc|ARM.ActiveCfg = Release|Any CPU
		{14132A84-5CA3-4C51-B4C7-588A3F1DE7B7}.Ad-Hoc|ARM.Build.0 = Release|Any CPU
		{14132A84-5CA3-4C51-B4C7-588A3F1DE7B7}.Ad-Hoc|ARM.Deploy.0 = Release|Any CPU
		{14132A84-5CA3-4C51-B4C7-588A3F1DE7B7}.Ad-Hoc|iPhone.ActiveCfg = Release|Any CPU
		{14132A84-5CA3-4C51-B4C7-588A3F1DE7B7}.Ad-Hoc|iPhone.Build.0 = Release|Any CPU
		{14132A84-5CA3-4C51-B4C7-588A3F1DE7B7}.Ad-Hoc|iPhone.Deploy.0 = Release|Any CPU
		{14132A84-5CA3-4C51-B4C7-588A3F1DE7B7}.Ad-Hoc|iPhoneSimulator.ActiveCfg = Release|Any CPU
		{14132A84-5CA3-4C51-B4C7-588A3F1DE7B7}.Ad-Hoc|iPhoneSimulator.Build.0 = Release|Any CPU
		{14132A84-5CA3-4C51-B4C7-588A3F1DE7B7}.Ad-Hoc|iPhoneSimulator.Deploy.0 = Release|Any CPU
		{14132A84-5CA3-4C51-B4C7-588A3F1DE7B7}.Ad-Hoc|x64.ActiveCfg = Release|Any CPU
		{14132A84-5CA3-4C51-B4C7-588A3F1DE7B7}.Ad-Hoc|x64.Build.0 = Release|Any CPU
		{14132A84-5CA3-4C51-B4C7-588A3F1DE7B7}.Ad-Hoc|x64.Deploy.0 = Release|Any CPU
		{14132A84-5CA3-4C51-B4C7-588A3F1DE7B7}.Ad-Hoc|x86.ActiveCfg = Release|Any CPU
		{14132A84-5CA3-4C51-B4C7-588A3F1DE7B7}.Ad-Hoc|x86.Build.0 = Release|Any CPU
		{14132A84-5CA3-4C51-B4C7-588A3F1DE7B7}.Ad-Hoc|x86.Deploy.0 = Release|Any CPU
		{14132A84-5CA3-4C51-B4C7-588A3F1DE7B7}.AppStore|Any CPU.ActiveCfg = Release|Any CPU
		{14132A84-5CA3-4C51-B4C7-588A3F1DE7B7}.AppStore|Any CPU.Build.0 = Release|Any CPU
		{14132A84-5CA3-4C51-B4C7-588A3F1DE7B7}.AppStore|Any CPU.Deploy.0 = Release|Any CPU
		{14132A84-5CA3-4C51-B4C7-588A3F1DE7B7}.AppStore|ARM.ActiveCfg = Release|Any CPU
		{14132A84-5CA3-4C51-B4C7-588A3F1DE7B7}.AppStore|ARM.Build.0 = Release|Any CPU
		{14132A84-5CA3-4C51-B4C7-588A3F1DE7B7}.AppStore|ARM.Deploy.0 = Release|Any CPU
		{14132A84-5CA3-4C51-B4C7-588A3F1DE7B7}.AppStore|iPhone.ActiveCfg = Release|Any CPU
		{14132A84-5CA3-4C51-B4C7-588A3F1DE7B7}.AppStore|iPhone.Build.0 = Release|Any CPU
		{14132A84-5CA3-4C51-B4C7-588A3F1DE7B7}.AppStore|iPhone.Deploy.0 = Release|Any CPU
		{14132A84-5CA3-4C51-B4C7-588A3F1DE7B7}.AppStore|iPhoneSimulator.ActiveCfg = Release|Any CPU
		{14132A84-5CA3-4C51-B4C7-588A3F1DE7B7}.AppStore|iPhoneSimulator.Build.0 = Release|Any CPU
		{14132A84-5CA3-4C51-B4C7-588A3F1DE7B7}.AppStore|iPhoneSimulator.Deploy.0 = Release|Any CPU
		{14132A84-5CA3-4C51-B4C7-588A3F1DE7B7}.AppStore|x64.ActiveCfg = Release|Any CPU
		{14132A84-5CA3-4C51-B4C7-588A3F1DE7B7}.AppStore|x64.Build.0 = Release|Any CPU
		{14132A84-5CA3-4C51-B4C7-588A3F1DE7B7}.AppStore|x64.Deploy.0 = Release|Any CPU
		{14132A84-5CA3-4C51-B4C7-588A3F1DE7B7}.AppStore|x86.ActiveCfg = Release|Any CPU
		{14132A84-5CA3-4C51-B4C7-588A3F1DE7B7}.AppStore|x86.Build.0 = Release|Any CPU
		{14132A84-5CA3-4C51-B4C7-588A3F1DE7B7}.AppStore|x86.Deploy.0 = Release|Any CPU
		{14132A84-5CA3-4C51-B4C7-588A3F1DE7B7}.Debug|Any CPU.ActiveCfg = Debug|Any CPU
		{14132A84-5CA3-4C51-B4C7-588A3F1DE7B7}.Debug|Any CPU.Build.0 = Debug|Any CPU
		{14132A84-5CA3-4C51-B4C7-588A3F1DE7B7}.Debug|Any CPU.Deploy.0 = Debug|Any CPU
		{14132A84-5CA3-4C51-B4C7-588A3F1DE7B7}.Debug|ARM.ActiveCfg = Debug|Any CPU
		{14132A84-5CA3-4C51-B4C7-588A3F1DE7B7}.Debug|ARM.Deploy.0 = Debug|Any CPU
		{14132A84-5CA3-4C51-B4C7-588A3F1DE7B7}.Debug|iPhone.ActiveCfg = Debug|Any CPU
		{14132A84-5CA3-4C51-B4C7-588A3F1DE7B7}.Debug|iPhone.Build.0 = Debug|Any CPU
		{14132A84-5CA3-4C51-B4C7-588A3F1DE7B7}.Debug|iPhone.Deploy.0 = Debug|Any CPU
		{14132A84-5CA3-4C51-B4C7-588A3F1DE7B7}.Debug|iPhoneSimulator.ActiveCfg = Debug|Any CPU
		{14132A84-5CA3-4C51-B4C7-588A3F1DE7B7}.Debug|iPhoneSimulator.Build.0 = Debug|Any CPU
		{14132A84-5CA3-4C51-B4C7-588A3F1DE7B7}.Debug|iPhoneSimulator.Deploy.0 = Debug|Any CPU
		{14132A84-5CA3-4C51-B4C7-588A3F1DE7B7}.Debug|x64.ActiveCfg = Debug|Any CPU
		{14132A84-5CA3-4C51-B4C7-588A3F1DE7B7}.Debug|x64.Build.0 = Debug|Any CPU
		{14132A84-5CA3-4C51-B4C7-588A3F1DE7B7}.Debug|x64.Deploy.0 = Debug|Any CPU
		{14132A84-5CA3-4C51-B4C7-588A3F1DE7B7}.Debug|x86.ActiveCfg = Debug|Any CPU
		{14132A84-5CA3-4C51-B4C7-588A3F1DE7B7}.Debug|x86.Build.0 = Debug|Any CPU
		{14132A84-5CA3-4C51-B4C7-588A3F1DE7B7}.Debug|x86.Deploy.0 = Debug|Any CPU
		{14132A84-5CA3-4C51-B4C7-588A3F1DE7B7}.Release|Any CPU.ActiveCfg = Release|Any CPU
		{14132A84-5CA3-4C51-B4C7-588A3F1DE7B7}.Release|Any CPU.Build.0 = Release|Any CPU
		{14132A84-5CA3-4C51-B4C7-588A3F1DE7B7}.Release|Any CPU.Deploy.0 = Release|Any CPU
		{14132A84-5CA3-4C51-B4C7-588A3F1DE7B7}.Release|ARM.ActiveCfg = Release|Any CPU
		{14132A84-5CA3-4C51-B4C7-588A3F1DE7B7}.Release|ARM.Build.0 = Release|Any CPU
		{14132A84-5CA3-4C51-B4C7-588A3F1DE7B7}.Release|ARM.Deploy.0 = Release|Any CPU
		{14132A84-5CA3-4C51-B4C7-588A3F1DE7B7}.Release|iPhone.ActiveCfg = Release|Any CPU
		{14132A84-5CA3-4C51-B4C7-588A3F1DE7B7}.Release|iPhone.Build.0 = Release|Any CPU
		{14132A84-5CA3-4C51-B4C7-588A3F1DE7B7}.Release|iPhone.Deploy.0 = Release|Any CPU
		{14132A84-5CA3-4C51-B4C7-588A3F1DE7B7}.Release|iPhoneSimulator.ActiveCfg = Release|Any CPU
		{14132A84-5CA3-4C51-B4C7-588A3F1DE7B7}.Release|iPhoneSimulator.Build.0 = Release|Any CPU
		{14132A84-5CA3-4C51-B4C7-588A3F1DE7B7}.Release|iPhoneSimulator.Deploy.0 = Release|Any CPU
		{14132A84-5CA3-4C51-B4C7-588A3F1DE7B7}.Release|x64.ActiveCfg = Release|Any CPU
		{14132A84-5CA3-4C51-B4C7-588A3F1DE7B7}.Release|x64.Build.0 = Release|Any CPU
		{14132A84-5CA3-4C51-B4C7-588A3F1DE7B7}.Release|x64.Deploy.0 = Release|Any CPU
		{14132A84-5CA3-4C51-B4C7-588A3F1DE7B7}.Release|x86.ActiveCfg = Release|Any CPU
		{14132A84-5CA3-4C51-B4C7-588A3F1DE7B7}.Release|x86.Build.0 = Release|Any CPU
		{14132A84-5CA3-4C51-B4C7-588A3F1DE7B7}.Release|x86.Deploy.0 = Release|Any CPU
		{ED647DD6-C209-4A27-9787-39D46EA70870}.Ad-Hoc|Any CPU.ActiveCfg = Ad-Hoc|iPhone
		{ED647DD6-C209-4A27-9787-39D46EA70870}.Ad-Hoc|ARM.ActiveCfg = Ad-Hoc|iPhone
		{ED647DD6-C209-4A27-9787-39D46EA70870}.Ad-Hoc|iPhone.ActiveCfg = Ad-Hoc|iPhone
		{ED647DD6-C209-4A27-9787-39D46EA70870}.Ad-Hoc|iPhone.Build.0 = Ad-Hoc|iPhone
		{ED647DD6-C209-4A27-9787-39D46EA70870}.Ad-Hoc|iPhoneSimulator.ActiveCfg = Ad-Hoc|iPhoneSimulator
		{ED647DD6-C209-4A27-9787-39D46EA70870}.Ad-Hoc|iPhoneSimulator.Build.0 = Ad-Hoc|iPhoneSimulator
		{ED647DD6-C209-4A27-9787-39D46EA70870}.Ad-Hoc|x64.ActiveCfg = Ad-Hoc|iPhone
		{ED647DD6-C209-4A27-9787-39D46EA70870}.Ad-Hoc|x86.ActiveCfg = Ad-Hoc|iPhone
		{ED647DD6-C209-4A27-9787-39D46EA70870}.AppStore|Any CPU.ActiveCfg = AppStore|iPhone
		{ED647DD6-C209-4A27-9787-39D46EA70870}.AppStore|ARM.ActiveCfg = AppStore|iPhone
		{ED647DD6-C209-4A27-9787-39D46EA70870}.AppStore|iPhone.ActiveCfg = AppStore|iPhone
		{ED647DD6-C209-4A27-9787-39D46EA70870}.AppStore|iPhone.Build.0 = AppStore|iPhone
		{ED647DD6-C209-4A27-9787-39D46EA70870}.AppStore|iPhoneSimulator.ActiveCfg = AppStore|iPhoneSimulator
		{ED647DD6-C209-4A27-9787-39D46EA70870}.AppStore|iPhoneSimulator.Build.0 = AppStore|iPhoneSimulator
		{ED647DD6-C209-4A27-9787-39D46EA70870}.AppStore|x64.ActiveCfg = AppStore|iPhone
		{ED647DD6-C209-4A27-9787-39D46EA70870}.AppStore|x86.ActiveCfg = AppStore|iPhone
		{ED647DD6-C209-4A27-9787-39D46EA70870}.Debug|Any CPU.ActiveCfg = Debug|iPhone
		{ED647DD6-C209-4A27-9787-39D46EA70870}.Debug|ARM.ActiveCfg = Debug|iPhone
		{ED647DD6-C209-4A27-9787-39D46EA70870}.Debug|iPhone.ActiveCfg = Debug|iPhone
		{ED647DD6-C209-4A27-9787-39D46EA70870}.Debug|iPhone.Build.0 = Debug|iPhone
		{ED647DD6-C209-4A27-9787-39D46EA70870}.Debug|iPhoneSimulator.ActiveCfg = Debug|iPhoneSimulator
		{ED647DD6-C209-4A27-9787-39D46EA70870}.Debug|iPhoneSimulator.Build.0 = Debug|iPhoneSimulator
		{ED647DD6-C209-4A27-9787-39D46EA70870}.Debug|x64.ActiveCfg = Debug|iPhone
		{ED647DD6-C209-4A27-9787-39D46EA70870}.Debug|x86.ActiveCfg = Debug|iPhone
		{ED647DD6-C209-4A27-9787-39D46EA70870}.Release|Any CPU.ActiveCfg = Release|iPhone
		{ED647DD6-C209-4A27-9787-39D46EA70870}.Release|ARM.ActiveCfg = Release|iPhone
		{ED647DD6-C209-4A27-9787-39D46EA70870}.Release|iPhone.ActiveCfg = Release|iPhone
		{ED647DD6-C209-4A27-9787-39D46EA70870}.Release|iPhone.Build.0 = Release|iPhone
		{ED647DD6-C209-4A27-9787-39D46EA70870}.Release|iPhoneSimulator.ActiveCfg = Release|iPhoneSimulator
		{ED647DD6-C209-4A27-9787-39D46EA70870}.Release|iPhoneSimulator.Build.0 = Release|iPhoneSimulator
		{ED647DD6-C209-4A27-9787-39D46EA70870}.Release|x64.ActiveCfg = Release|iPhone
		{ED647DD6-C209-4A27-9787-39D46EA70870}.Release|x86.ActiveCfg = Release|iPhone
		{19B34F4B-02A0-4834-A6DD-6AAC8615571A}.Ad-Hoc|Any CPU.ActiveCfg = Release|Any CPU
		{19B34F4B-02A0-4834-A6DD-6AAC8615571A}.Ad-Hoc|Any CPU.Build.0 = Release|Any CPU
		{19B34F4B-02A0-4834-A6DD-6AAC8615571A}.Ad-Hoc|Any CPU.Deploy.0 = Release|Any CPU
		{19B34F4B-02A0-4834-A6DD-6AAC8615571A}.Ad-Hoc|ARM.ActiveCfg = Release|ARM
		{19B34F4B-02A0-4834-A6DD-6AAC8615571A}.Ad-Hoc|ARM.Build.0 = Release|ARM
		{19B34F4B-02A0-4834-A6DD-6AAC8615571A}.Ad-Hoc|ARM.Deploy.0 = Release|ARM
		{19B34F4B-02A0-4834-A6DD-6AAC8615571A}.Ad-Hoc|iPhone.ActiveCfg = Release|Any CPU
		{19B34F4B-02A0-4834-A6DD-6AAC8615571A}.Ad-Hoc|iPhone.Build.0 = Release|Any CPU
		{19B34F4B-02A0-4834-A6DD-6AAC8615571A}.Ad-Hoc|iPhone.Deploy.0 = Release|Any CPU
		{19B34F4B-02A0-4834-A6DD-6AAC8615571A}.Ad-Hoc|iPhoneSimulator.ActiveCfg = Release|Any CPU
		{19B34F4B-02A0-4834-A6DD-6AAC8615571A}.Ad-Hoc|iPhoneSimulator.Build.0 = Release|Any CPU
		{19B34F4B-02A0-4834-A6DD-6AAC8615571A}.Ad-Hoc|iPhoneSimulator.Deploy.0 = Release|Any CPU
		{19B34F4B-02A0-4834-A6DD-6AAC8615571A}.Ad-Hoc|x64.ActiveCfg = Release|Any CPU
		{19B34F4B-02A0-4834-A6DD-6AAC8615571A}.Ad-Hoc|x64.Build.0 = Release|Any CPU
		{19B34F4B-02A0-4834-A6DD-6AAC8615571A}.Ad-Hoc|x64.Deploy.0 = Release|Any CPU
		{19B34F4B-02A0-4834-A6DD-6AAC8615571A}.Ad-Hoc|x86.ActiveCfg = Release|x86
		{19B34F4B-02A0-4834-A6DD-6AAC8615571A}.Ad-Hoc|x86.Build.0 = Release|x86
		{19B34F4B-02A0-4834-A6DD-6AAC8615571A}.Ad-Hoc|x86.Deploy.0 = Release|x86
		{19B34F4B-02A0-4834-A6DD-6AAC8615571A}.AppStore|Any CPU.ActiveCfg = Release|Any CPU
		{19B34F4B-02A0-4834-A6DD-6AAC8615571A}.AppStore|Any CPU.Build.0 = Release|Any CPU
		{19B34F4B-02A0-4834-A6DD-6AAC8615571A}.AppStore|Any CPU.Deploy.0 = Release|Any CPU
		{19B34F4B-02A0-4834-A6DD-6AAC8615571A}.AppStore|ARM.ActiveCfg = Release|ARM
		{19B34F4B-02A0-4834-A6DD-6AAC8615571A}.AppStore|ARM.Build.0 = Release|ARM
		{19B34F4B-02A0-4834-A6DD-6AAC8615571A}.AppStore|ARM.Deploy.0 = Release|ARM
		{19B34F4B-02A0-4834-A6DD-6AAC8615571A}.AppStore|iPhone.ActiveCfg = Release|Any CPU
		{19B34F4B-02A0-4834-A6DD-6AAC8615571A}.AppStore|iPhone.Build.0 = Release|Any CPU
		{19B34F4B-02A0-4834-A6DD-6AAC8615571A}.AppStore|iPhone.Deploy.0 = Release|Any CPU
		{19B34F4B-02A0-4834-A6DD-6AAC8615571A}.AppStore|iPhoneSimulator.ActiveCfg = Release|Any CPU
		{19B34F4B-02A0-4834-A6DD-6AAC8615571A}.AppStore|iPhoneSimulator.Build.0 = Release|Any CPU
		{19B34F4B-02A0-4834-A6DD-6AAC8615571A}.AppStore|iPhoneSimulator.Deploy.0 = Release|Any CPU
		{19B34F4B-02A0-4834-A6DD-6AAC8615571A}.AppStore|x64.ActiveCfg = Release|Any CPU
		{19B34F4B-02A0-4834-A6DD-6AAC8615571A}.AppStore|x64.Build.0 = Release|Any CPU
		{19B34F4B-02A0-4834-A6DD-6AAC8615571A}.AppStore|x64.Deploy.0 = Release|Any CPU
		{19B34F4B-02A0-4834-A6DD-6AAC8615571A}.AppStore|x86.ActiveCfg = Release|x86
		{19B34F4B-02A0-4834-A6DD-6AAC8615571A}.AppStore|x86.Build.0 = Release|x86
		{19B34F4B-02A0-4834-A6DD-6AAC8615571A}.AppStore|x86.Deploy.0 = Release|x86
		{19B34F4B-02A0-4834-A6DD-6AAC8615571A}.Debug|Any CPU.ActiveCfg = Debug|Any CPU
		{19B34F4B-02A0-4834-A6DD-6AAC8615571A}.Debug|Any CPU.Build.0 = Debug|Any CPU
		{19B34F4B-02A0-4834-A6DD-6AAC8615571A}.Debug|Any CPU.Deploy.0 = Debug|Any CPU
		{19B34F4B-02A0-4834-A6DD-6AAC8615571A}.Debug|ARM.ActiveCfg = Debug|ARM
		{19B34F4B-02A0-4834-A6DD-6AAC8615571A}.Debug|ARM.Deploy.0 = Debug|ARM
		{19B34F4B-02A0-4834-A6DD-6AAC8615571A}.Debug|iPhone.ActiveCfg = Debug|Any CPU
		{19B34F4B-02A0-4834-A6DD-6AAC8615571A}.Debug|iPhone.Build.0 = Debug|Any CPU
		{19B34F4B-02A0-4834-A6DD-6AAC8615571A}.Debug|iPhone.Deploy.0 = Debug|Any CPU
		{19B34F4B-02A0-4834-A6DD-6AAC8615571A}.Debug|iPhoneSimulator.ActiveCfg = Debug|Any CPU
		{19B34F4B-02A0-4834-A6DD-6AAC8615571A}.Debug|iPhoneSimulator.Build.0 = Debug|Any CPU
		{19B34F4B-02A0-4834-A6DD-6AAC8615571A}.Debug|iPhoneSimulator.Deploy.0 = Debug|Any CPU
		{19B34F4B-02A0-4834-A6DD-6AAC8615571A}.Debug|x64.ActiveCfg = Debug|Any CPU
		{19B34F4B-02A0-4834-A6DD-6AAC8615571A}.Debug|x64.Build.0 = Debug|Any CPU
		{19B34F4B-02A0-4834-A6DD-6AAC8615571A}.Debug|x64.Deploy.0 = Debug|Any CPU
		{19B34F4B-02A0-4834-A6DD-6AAC8615571A}.Debug|x86.ActiveCfg = Debug|x86
		{19B34F4B-02A0-4834-A6DD-6AAC8615571A}.Debug|x86.Build.0 = Debug|x86
		{19B34F4B-02A0-4834-A6DD-6AAC8615571A}.Debug|x86.Deploy.0 = Debug|x86
		{19B34F4B-02A0-4834-A6DD-6AAC8615571A}.Release|Any CPU.ActiveCfg = Release|Any CPU
		{19B34F4B-02A0-4834-A6DD-6AAC8615571A}.Release|Any CPU.Build.0 = Release|Any CPU
		{19B34F4B-02A0-4834-A6DD-6AAC8615571A}.Release|Any CPU.Deploy.0 = Release|Any CPU
		{19B34F4B-02A0-4834-A6DD-6AAC8615571A}.Release|ARM.ActiveCfg = Release|ARM
		{19B34F4B-02A0-4834-A6DD-6AAC8615571A}.Release|ARM.Build.0 = Release|ARM
		{19B34F4B-02A0-4834-A6DD-6AAC8615571A}.Release|ARM.Deploy.0 = Release|ARM
		{19B34F4B-02A0-4834-A6DD-6AAC8615571A}.Release|iPhone.ActiveCfg = Release|Any CPU
		{19B34F4B-02A0-4834-A6DD-6AAC8615571A}.Release|iPhone.Build.0 = Release|Any CPU
		{19B34F4B-02A0-4834-A6DD-6AAC8615571A}.Release|iPhone.Deploy.0 = Release|Any CPU
		{19B34F4B-02A0-4834-A6DD-6AAC8615571A}.Release|iPhoneSimulator.ActiveCfg = Release|Any CPU
		{19B34F4B-02A0-4834-A6DD-6AAC8615571A}.Release|iPhoneSimulator.Build.0 = Release|Any CPU
		{19B34F4B-02A0-4834-A6DD-6AAC8615571A}.Release|iPhoneSimulator.Deploy.0 = Release|Any CPU
		{19B34F4B-02A0-4834-A6DD-6AAC8615571A}.Release|x64.ActiveCfg = Release|Any CPU
		{19B34F4B-02A0-4834-A6DD-6AAC8615571A}.Release|x64.Build.0 = Release|Any CPU
		{19B34F4B-02A0-4834-A6DD-6AAC8615571A}.Release|x64.Deploy.0 = Release|Any CPU
		{19B34F4B-02A0-4834-A6DD-6AAC8615571A}.Release|x86.ActiveCfg = Release|x86
		{19B34F4B-02A0-4834-A6DD-6AAC8615571A}.Release|x86.Build.0 = Release|x86
		{19B34F4B-02A0-4834-A6DD-6AAC8615571A}.Release|x86.Deploy.0 = Release|x86
		{ADCA78EB-02B7-4151-8ECE-D4C81CB80E16}.Ad-Hoc|Any CPU.ActiveCfg = Release|x86
		{ADCA78EB-02B7-4151-8ECE-D4C81CB80E16}.Ad-Hoc|Any CPU.Build.0 = Release|x86
		{ADCA78EB-02B7-4151-8ECE-D4C81CB80E16}.Ad-Hoc|Any CPU.Deploy.0 = Release|x86
		{ADCA78EB-02B7-4151-8ECE-D4C81CB80E16}.Ad-Hoc|ARM.ActiveCfg = Release|ARM
		{ADCA78EB-02B7-4151-8ECE-D4C81CB80E16}.Ad-Hoc|ARM.Build.0 = Release|ARM
		{ADCA78EB-02B7-4151-8ECE-D4C81CB80E16}.Ad-Hoc|ARM.Deploy.0 = Release|ARM
		{ADCA78EB-02B7-4151-8ECE-D4C81CB80E16}.Ad-Hoc|iPhone.ActiveCfg = Release|x86
		{ADCA78EB-02B7-4151-8ECE-D4C81CB80E16}.Ad-Hoc|iPhone.Build.0 = Release|x86
		{ADCA78EB-02B7-4151-8ECE-D4C81CB80E16}.Ad-Hoc|iPhone.Deploy.0 = Release|x86
		{ADCA78EB-02B7-4151-8ECE-D4C81CB80E16}.Ad-Hoc|iPhoneSimulator.ActiveCfg = Release|x86
		{ADCA78EB-02B7-4151-8ECE-D4C81CB80E16}.Ad-Hoc|iPhoneSimulator.Build.0 = Release|x86
		{ADCA78EB-02B7-4151-8ECE-D4C81CB80E16}.Ad-Hoc|iPhoneSimulator.Deploy.0 = Release|x86
		{ADCA78EB-02B7-4151-8ECE-D4C81CB80E16}.Ad-Hoc|x64.ActiveCfg = Release|x64
		{ADCA78EB-02B7-4151-8ECE-D4C81CB80E16}.Ad-Hoc|x64.Build.0 = Release|x64
		{ADCA78EB-02B7-4151-8ECE-D4C81CB80E16}.Ad-Hoc|x64.Deploy.0 = Release|x64
		{ADCA78EB-02B7-4151-8ECE-D4C81CB80E16}.Ad-Hoc|x86.ActiveCfg = Release|x86
		{ADCA78EB-02B7-4151-8ECE-D4C81CB80E16}.Ad-Hoc|x86.Build.0 = Release|x86
		{ADCA78EB-02B7-4151-8ECE-D4C81CB80E16}.Ad-Hoc|x86.Deploy.0 = Release|x86
		{ADCA78EB-02B7-4151-8ECE-D4C81CB80E16}.AppStore|Any CPU.ActiveCfg = Release|x86
		{ADCA78EB-02B7-4151-8ECE-D4C81CB80E16}.AppStore|Any CPU.Build.0 = Release|x86
		{ADCA78EB-02B7-4151-8ECE-D4C81CB80E16}.AppStore|Any CPU.Deploy.0 = Release|x86
		{ADCA78EB-02B7-4151-8ECE-D4C81CB80E16}.AppStore|ARM.ActiveCfg = Release|ARM
		{ADCA78EB-02B7-4151-8ECE-D4C81CB80E16}.AppStore|ARM.Build.0 = Release|ARM
		{ADCA78EB-02B7-4151-8ECE-D4C81CB80E16}.AppStore|ARM.Deploy.0 = Release|ARM
		{ADCA78EB-02B7-4151-8ECE-D4C81CB80E16}.AppStore|iPhone.ActiveCfg = Release|x86
		{ADCA78EB-02B7-4151-8ECE-D4C81CB80E16}.AppStore|iPhone.Build.0 = Release|x86
		{ADCA78EB-02B7-4151-8ECE-D4C81CB80E16}.AppStore|iPhone.Deploy.0 = Release|x86
		{ADCA78EB-02B7-4151-8ECE-D4C81CB80E16}.AppStore|iPhoneSimulator.ActiveCfg = Release|x86
		{ADCA78EB-02B7-4151-8ECE-D4C81CB80E16}.AppStore|iPhoneSimulator.Build.0 = Release|x86
		{ADCA78EB-02B7-4151-8ECE-D4C81CB80E16}.AppStore|iPhoneSimulator.Deploy.0 = Release|x86
		{ADCA78EB-02B7-4151-8ECE-D4C81CB80E16}.AppStore|x64.ActiveCfg = Release|x64
		{ADCA78EB-02B7-4151-8ECE-D4C81CB80E16}.AppStore|x64.Build.0 = Release|x64
		{ADCA78EB-02B7-4151-8ECE-D4C81CB80E16}.AppStore|x64.Deploy.0 = Release|x64
		{ADCA78EB-02B7-4151-8ECE-D4C81CB80E16}.AppStore|x86.ActiveCfg = Release|x86
		{ADCA78EB-02B7-4151-8ECE-D4C81CB80E16}.AppStore|x86.Build.0 = Release|x86
		{ADCA78EB-02B7-4151-8ECE-D4C81CB80E16}.AppStore|x86.Deploy.0 = Release|x86
		{ADCA78EB-02B7-4151-8ECE-D4C81CB80E16}.Debug|Any CPU.ActiveCfg = Debug|x86
		{ADCA78EB-02B7-4151-8ECE-D4C81CB80E16}.Debug|ARM.ActiveCfg = Debug|ARM
		{ADCA78EB-02B7-4151-8ECE-D4C81CB80E16}.Debug|ARM.Deploy.0 = Debug|ARM
		{ADCA78EB-02B7-4151-8ECE-D4C81CB80E16}.Debug|iPhone.ActiveCfg = Debug|x86
		{ADCA78EB-02B7-4151-8ECE-D4C81CB80E16}.Debug|iPhoneSimulator.ActiveCfg = Debug|x86
		{ADCA78EB-02B7-4151-8ECE-D4C81CB80E16}.Debug|x64.ActiveCfg = Debug|x64
		{ADCA78EB-02B7-4151-8ECE-D4C81CB80E16}.Debug|x64.Build.0 = Debug|x64
		{ADCA78EB-02B7-4151-8ECE-D4C81CB80E16}.Debug|x64.Deploy.0 = Debug|x64
		{ADCA78EB-02B7-4151-8ECE-D4C81CB80E16}.Debug|x86.ActiveCfg = Debug|x86
		{ADCA78EB-02B7-4151-8ECE-D4C81CB80E16}.Debug|x86.Build.0 = Debug|x86
		{ADCA78EB-02B7-4151-8ECE-D4C81CB80E16}.Debug|x86.Deploy.0 = Debug|x86
		{ADCA78EB-02B7-4151-8ECE-D4C81CB80E16}.Release|Any CPU.ActiveCfg = Release|x86
		{ADCA78EB-02B7-4151-8ECE-D4C81CB80E16}.Release|ARM.ActiveCfg = Release|ARM
		{ADCA78EB-02B7-4151-8ECE-D4C81CB80E16}.Release|ARM.Build.0 = Release|ARM
		{ADCA78EB-02B7-4151-8ECE-D4C81CB80E16}.Release|ARM.Deploy.0 = Release|ARM
		{ADCA78EB-02B7-4151-8ECE-D4C81CB80E16}.Release|iPhone.ActiveCfg = Release|x86
		{ADCA78EB-02B7-4151-8ECE-D4C81CB80E16}.Release|iPhoneSimulator.ActiveCfg = Release|x86
		{ADCA78EB-02B7-4151-8ECE-D4C81CB80E16}.Release|x64.ActiveCfg = Release|x64
		{ADCA78EB-02B7-4151-8ECE-D4C81CB80E16}.Release|x64.Build.0 = Release|x64
		{ADCA78EB-02B7-4151-8ECE-D4C81CB80E16}.Release|x64.Deploy.0 = Release|x64
		{ADCA78EB-02B7-4151-8ECE-D4C81CB80E16}.Release|x86.ActiveCfg = Release|x86
		{ADCA78EB-02B7-4151-8ECE-D4C81CB80E16}.Release|x86.Build.0 = Release|x86
		{ADCA78EB-02B7-4151-8ECE-D4C81CB80E16}.Release|x86.Deploy.0 = Release|x86
		{CEE92BE0-A3F4-41DB-971C-627F2C9316E5}.Ad-Hoc|Any CPU.ActiveCfg = Release|Any CPU
		{CEE92BE0-A3F4-41DB-971C-627F2C9316E5}.Ad-Hoc|Any CPU.Build.0 = Release|Any CPU
		{CEE92BE0-A3F4-41DB-971C-627F2C9316E5}.Ad-Hoc|Any CPU.Deploy.0 = Release|Any CPU
		{CEE92BE0-A3F4-41DB-971C-627F2C9316E5}.Ad-Hoc|ARM.ActiveCfg = Release|ARM
		{CEE92BE0-A3F4-41DB-971C-627F2C9316E5}.Ad-Hoc|ARM.Build.0 = Release|ARM
		{CEE92BE0-A3F4-41DB-971C-627F2C9316E5}.Ad-Hoc|ARM.Deploy.0 = Release|ARM
		{CEE92BE0-A3F4-41DB-971C-627F2C9316E5}.Ad-Hoc|iPhone.ActiveCfg = Release|Any CPU
		{CEE92BE0-A3F4-41DB-971C-627F2C9316E5}.Ad-Hoc|iPhone.Build.0 = Release|Any CPU
		{CEE92BE0-A3F4-41DB-971C-627F2C9316E5}.Ad-Hoc|iPhone.Deploy.0 = Release|Any CPU
		{CEE92BE0-A3F4-41DB-971C-627F2C9316E5}.Ad-Hoc|iPhoneSimulator.ActiveCfg = Release|Any CPU
		{CEE92BE0-A3F4-41DB-971C-627F2C9316E5}.Ad-Hoc|iPhoneSimulator.Build.0 = Release|Any CPU
		{CEE92BE0-A3F4-41DB-971C-627F2C9316E5}.Ad-Hoc|iPhoneSimulator.Deploy.0 = Release|Any CPU
		{CEE92BE0-A3F4-41DB-971C-627F2C9316E5}.Ad-Hoc|x64.ActiveCfg = Release|x64
		{CEE92BE0-A3F4-41DB-971C-627F2C9316E5}.Ad-Hoc|x64.Build.0 = Release|x64
		{CEE92BE0-A3F4-41DB-971C-627F2C9316E5}.Ad-Hoc|x64.Deploy.0 = Release|x64
		{CEE92BE0-A3F4-41DB-971C-627F2C9316E5}.Ad-Hoc|x86.ActiveCfg = Release|x86
		{CEE92BE0-A3F4-41DB-971C-627F2C9316E5}.Ad-Hoc|x86.Build.0 = Release|x86
		{CEE92BE0-A3F4-41DB-971C-627F2C9316E5}.Ad-Hoc|x86.Deploy.0 = Release|x86
		{CEE92BE0-A3F4-41DB-971C-627F2C9316E5}.AppStore|Any CPU.ActiveCfg = Release|Any CPU
		{CEE92BE0-A3F4-41DB-971C-627F2C9316E5}.AppStore|Any CPU.Build.0 = Release|Any CPU
		{CEE92BE0-A3F4-41DB-971C-627F2C9316E5}.AppStore|Any CPU.Deploy.0 = Release|Any CPU
		{CEE92BE0-A3F4-41DB-971C-627F2C9316E5}.AppStore|ARM.ActiveCfg = Release|ARM
		{CEE92BE0-A3F4-41DB-971C-627F2C9316E5}.AppStore|ARM.Build.0 = Release|ARM
		{CEE92BE0-A3F4-41DB-971C-627F2C9316E5}.AppStore|ARM.Deploy.0 = Release|ARM
		{CEE92BE0-A3F4-41DB-971C-627F2C9316E5}.AppStore|iPhone.ActiveCfg = Release|Any CPU
		{CEE92BE0-A3F4-41DB-971C-627F2C9316E5}.AppStore|iPhone.Build.0 = Release|Any CPU
		{CEE92BE0-A3F4-41DB-971C-627F2C9316E5}.AppStore|iPhone.Deploy.0 = Release|Any CPU
		{CEE92BE0-A3F4-41DB-971C-627F2C9316E5}.AppStore|iPhoneSimulator.ActiveCfg = Release|Any CPU
		{CEE92BE0-A3F4-41DB-971C-627F2C9316E5}.AppStore|iPhoneSimulator.Build.0 = Release|Any CPU
		{CEE92BE0-A3F4-41DB-971C-627F2C9316E5}.AppStore|iPhoneSimulator.Deploy.0 = Release|Any CPU
		{CEE92BE0-A3F4-41DB-971C-627F2C9316E5}.AppStore|x64.ActiveCfg = Release|x64
		{CEE92BE0-A3F4-41DB-971C-627F2C9316E5}.AppStore|x64.Build.0 = Release|x64
		{CEE92BE0-A3F4-41DB-971C-627F2C9316E5}.AppStore|x64.Deploy.0 = Release|x64
		{CEE92BE0-A3F4-41DB-971C-627F2C9316E5}.AppStore|x86.ActiveCfg = Release|x86
		{CEE92BE0-A3F4-41DB-971C-627F2C9316E5}.AppStore|x86.Build.0 = Release|x86
		{CEE92BE0-A3F4-41DB-971C-627F2C9316E5}.AppStore|x86.Deploy.0 = Release|x86
		{CEE92BE0-A3F4-41DB-971C-627F2C9316E5}.Debug|Any CPU.ActiveCfg = Debug|Any CPU
		{CEE92BE0-A3F4-41DB-971C-627F2C9316E5}.Debug|Any CPU.Build.0 = Debug|Any CPU
		{CEE92BE0-A3F4-41DB-971C-627F2C9316E5}.Debug|Any CPU.Deploy.0 = Debug|Any CPU
		{CEE92BE0-A3F4-41DB-971C-627F2C9316E5}.Debug|ARM.ActiveCfg = Debug|ARM
		{CEE92BE0-A3F4-41DB-971C-627F2C9316E5}.Debug|ARM.Build.0 = Debug|ARM
		{CEE92BE0-A3F4-41DB-971C-627F2C9316E5}.Debug|ARM.Deploy.0 = Debug|ARM
		{CEE92BE0-A3F4-41DB-971C-627F2C9316E5}.Debug|iPhone.ActiveCfg = Debug|Any CPU
		{CEE92BE0-A3F4-41DB-971C-627F2C9316E5}.Debug|iPhone.Build.0 = Debug|Any CPU
		{CEE92BE0-A3F4-41DB-971C-627F2C9316E5}.Debug|iPhone.Deploy.0 = Debug|Any CPU
		{CEE92BE0-A3F4-41DB-971C-627F2C9316E5}.Debug|iPhoneSimulator.ActiveCfg = Debug|Any CPU
		{CEE92BE0-A3F4-41DB-971C-627F2C9316E5}.Debug|iPhoneSimulator.Build.0 = Debug|Any CPU
		{CEE92BE0-A3F4-41DB-971C-627F2C9316E5}.Debug|iPhoneSimulator.Deploy.0 = Debug|Any CPU
		{CEE92BE0-A3F4-41DB-971C-627F2C9316E5}.Debug|x64.ActiveCfg = Debug|x64
		{CEE92BE0-A3F4-41DB-971C-627F2C9316E5}.Debug|x64.Build.0 = Debug|x64
		{CEE92BE0-A3F4-41DB-971C-627F2C9316E5}.Debug|x64.Deploy.0 = Debug|x64
		{CEE92BE0-A3F4-41DB-971C-627F2C9316E5}.Debug|x86.ActiveCfg = Debug|x86
		{CEE92BE0-A3F4-41DB-971C-627F2C9316E5}.Debug|x86.Build.0 = Debug|x86
		{CEE92BE0-A3F4-41DB-971C-627F2C9316E5}.Debug|x86.Deploy.0 = Debug|x86
		{CEE92BE0-A3F4-41DB-971C-627F2C9316E5}.Release|Any CPU.ActiveCfg = Release|Any CPU
		{CEE92BE0-A3F4-41DB-971C-627F2C9316E5}.Release|Any CPU.Build.0 = Release|Any CPU
		{CEE92BE0-A3F4-41DB-971C-627F2C9316E5}.Release|Any CPU.Deploy.0 = Release|Any CPU
		{CEE92BE0-A3F4-41DB-971C-627F2C9316E5}.Release|ARM.ActiveCfg = Release|ARM
		{CEE92BE0-A3F4-41DB-971C-627F2C9316E5}.Release|ARM.Build.0 = Release|ARM
		{CEE92BE0-A3F4-41DB-971C-627F2C9316E5}.Release|ARM.Deploy.0 = Release|ARM
		{CEE92BE0-A3F4-41DB-971C-627F2C9316E5}.Release|iPhone.ActiveCfg = Release|Any CPU
		{CEE92BE0-A3F4-41DB-971C-627F2C9316E5}.Release|iPhone.Build.0 = Release|Any CPU
		{CEE92BE0-A3F4-41DB-971C-627F2C9316E5}.Release|iPhone.Deploy.0 = Release|Any CPU
		{CEE92BE0-A3F4-41DB-971C-627F2C9316E5}.Release|iPhoneSimulator.ActiveCfg = Release|Any CPU
		{CEE92BE0-A3F4-41DB-971C-627F2C9316E5}.Release|iPhoneSimulator.Build.0 = Release|Any CPU
		{CEE92BE0-A3F4-41DB-971C-627F2C9316E5}.Release|iPhoneSimulator.Deploy.0 = Release|Any CPU
		{CEE92BE0-A3F4-41DB-971C-627F2C9316E5}.Release|x64.ActiveCfg = Release|x64
		{CEE92BE0-A3F4-41DB-971C-627F2C9316E5}.Release|x64.Build.0 = Release|x64
		{CEE92BE0-A3F4-41DB-971C-627F2C9316E5}.Release|x64.Deploy.0 = Release|x64
		{CEE92BE0-A3F4-41DB-971C-627F2C9316E5}.Release|x86.ActiveCfg = Release|x86
		{CEE92BE0-A3F4-41DB-971C-627F2C9316E5}.Release|x86.Build.0 = Release|x86
		{CEE92BE0-A3F4-41DB-971C-627F2C9316E5}.Release|x86.Deploy.0 = Release|x86
		{C2370BEC-E19C-4AC4-BAFE-9224BA68E6C0}.Ad-Hoc|Any CPU.ActiveCfg = Release|Any CPU
		{C2370BEC-E19C-4AC4-BAFE-9224BA68E6C0}.Ad-Hoc|Any CPU.Build.0 = Release|Any CPU
		{C2370BEC-E19C-4AC4-BAFE-9224BA68E6C0}.Ad-Hoc|ARM.ActiveCfg = Release|Any CPU
		{C2370BEC-E19C-4AC4-BAFE-9224BA68E6C0}.Ad-Hoc|ARM.Build.0 = Release|Any CPU
		{C2370BEC-E19C-4AC4-BAFE-9224BA68E6C0}.Ad-Hoc|iPhone.ActiveCfg = Release|Any CPU
		{C2370BEC-E19C-4AC4-BAFE-9224BA68E6C0}.Ad-Hoc|iPhone.Build.0 = Release|Any CPU
		{C2370BEC-E19C-4AC4-BAFE-9224BA68E6C0}.Ad-Hoc|iPhoneSimulator.ActiveCfg = Release|Any CPU
		{C2370BEC-E19C-4AC4-BAFE-9224BA68E6C0}.Ad-Hoc|iPhoneSimulator.Build.0 = Release|Any CPU
		{C2370BEC-E19C-4AC4-BAFE-9224BA68E6C0}.Ad-Hoc|x64.ActiveCfg = Release|Any CPU
		{C2370BEC-E19C-4AC4-BAFE-9224BA68E6C0}.Ad-Hoc|x64.Build.0 = Release|Any CPU
		{C2370BEC-E19C-4AC4-BAFE-9224BA68E6C0}.Ad-Hoc|x86.ActiveCfg = Release|Any CPU
		{C2370BEC-E19C-4AC4-BAFE-9224BA68E6C0}.Ad-Hoc|x86.Build.0 = Release|Any CPU
		{C2370BEC-E19C-4AC4-BAFE-9224BA68E6C0}.AppStore|Any CPU.ActiveCfg = Release|Any CPU
		{C2370BEC-E19C-4AC4-BAFE-9224BA68E6C0}.AppStore|Any CPU.Build.0 = Release|Any CPU
		{C2370BEC-E19C-4AC4-BAFE-9224BA68E6C0}.AppStore|ARM.ActiveCfg = Release|Any CPU
		{C2370BEC-E19C-4AC4-BAFE-9224BA68E6C0}.AppStore|ARM.Build.0 = Release|Any CPU
		{C2370BEC-E19C-4AC4-BAFE-9224BA68E6C0}.AppStore|iPhone.ActiveCfg = Release|Any CPU
		{C2370BEC-E19C-4AC4-BAFE-9224BA68E6C0}.AppStore|iPhone.Build.0 = Release|Any CPU
		{C2370BEC-E19C-4AC4-BAFE-9224BA68E6C0}.AppStore|iPhoneSimulator.ActiveCfg = Release|Any CPU
		{C2370BEC-E19C-4AC4-BAFE-9224BA68E6C0}.AppStore|iPhoneSimulator.Build.0 = Release|Any CPU
		{C2370BEC-E19C-4AC4-BAFE-9224BA68E6C0}.AppStore|x64.ActiveCfg = Release|Any CPU
		{C2370BEC-E19C-4AC4-BAFE-9224BA68E6C0}.AppStore|x64.Build.0 = Release|Any CPU
		{C2370BEC-E19C-4AC4-BAFE-9224BA68E6C0}.AppStore|x86.ActiveCfg = Release|Any CPU
		{C2370BEC-E19C-4AC4-BAFE-9224BA68E6C0}.AppStore|x86.Build.0 = Release|Any CPU
		{C2370BEC-E19C-4AC4-BAFE-9224BA68E6C0}.Debug|Any CPU.ActiveCfg = Debug|Any CPU
		{C2370BEC-E19C-4AC4-BAFE-9224BA68E6C0}.Debug|Any CPU.Build.0 = Debug|Any CPU
		{C2370BEC-E19C-4AC4-BAFE-9224BA68E6C0}.Debug|ARM.ActiveCfg = Debug|Any CPU
		{C2370BEC-E19C-4AC4-BAFE-9224BA68E6C0}.Debug|ARM.Build.0 = Debug|Any CPU
		{C2370BEC-E19C-4AC4-BAFE-9224BA68E6C0}.Debug|iPhone.ActiveCfg = Debug|Any CPU
		{C2370BEC-E19C-4AC4-BAFE-9224BA68E6C0}.Debug|iPhone.Build.0 = Debug|Any CPU
		{C2370BEC-E19C-4AC4-BAFE-9224BA68E6C0}.Debug|iPhoneSimulator.ActiveCfg = Debug|Any CPU
		{C2370BEC-E19C-4AC4-BAFE-9224BA68E6C0}.Debug|iPhoneSimulator.Build.0 = Debug|Any CPU
		{C2370BEC-E19C-4AC4-BAFE-9224BA68E6C0}.Debug|x64.ActiveCfg = Debug|Any CPU
		{C2370BEC-E19C-4AC4-BAFE-9224BA68E6C0}.Debug|x64.Build.0 = Debug|Any CPU
		{C2370BEC-E19C-4AC4-BAFE-9224BA68E6C0}.Debug|x86.ActiveCfg = Debug|Any CPU
		{C2370BEC-E19C-4AC4-BAFE-9224BA68E6C0}.Debug|x86.Build.0 = Debug|Any CPU
		{C2370BEC-E19C-4AC4-BAFE-9224BA68E6C0}.Release|Any CPU.ActiveCfg = Release|Any CPU
		{C2370BEC-E19C-4AC4-BAFE-9224BA68E6C0}.Release|Any CPU.Build.0 = Release|Any CPU
		{C2370BEC-E19C-4AC4-BAFE-9224BA68E6C0}.Release|ARM.ActiveCfg = Release|Any CPU
		{C2370BEC-E19C-4AC4-BAFE-9224BA68E6C0}.Release|ARM.Build.0 = Release|Any CPU
		{C2370BEC-E19C-4AC4-BAFE-9224BA68E6C0}.Release|iPhone.ActiveCfg = Release|Any CPU
		{C2370BEC-E19C-4AC4-BAFE-9224BA68E6C0}.Release|iPhone.Build.0 = Release|Any CPU
		{C2370BEC-E19C-4AC4-BAFE-9224BA68E6C0}.Release|iPhoneSimulator.ActiveCfg = Release|Any CPU
		{C2370BEC-E19C-4AC4-BAFE-9224BA68E6C0}.Release|iPhoneSimulator.Build.0 = Release|Any CPU
		{C2370BEC-E19C-4AC4-BAFE-9224BA68E6C0}.Release|x64.ActiveCfg = Release|Any CPU
		{C2370BEC-E19C-4AC4-BAFE-9224BA68E6C0}.Release|x64.Build.0 = Release|Any CPU
		{C2370BEC-E19C-4AC4-BAFE-9224BA68E6C0}.Release|x86.ActiveCfg = Release|Any CPU
		{C2370BEC-E19C-4AC4-BAFE-9224BA68E6C0}.Release|x86.Build.0 = Release|Any CPU
	EndGlobalSection
	GlobalSection(SolutionProperties) = preSolution
		HideSolutionNode = FALSE
	EndGlobalSection
EndGlobal
